// !$*UTF8*$!
{
	archiveVersion = 1;
	classes = {
	};
	objectVersion = 46;
	objects = {

/* Begin PBXBuildFile section */
		25D1507F1DBC19CF008364EC /* PDFGenerator.swift in Sources */ = {isa = PBXBuildFile; fileRef = 25D1507E1DBC19CF008364EC /* PDFGenerator.swift */; };
		25FB33351DBCFE5500785111 /* DeskViewController.xib in Resources */ = {isa = PBXBuildFile; fileRef = 25FB33341DBCFE5500785111 /* DeskViewController.xib */; };
		52A662A31E32B1C8008E088A /* trash.swift in Sources */ = {isa = PBXBuildFile; fileRef = 52A662A21E32B1C8008E088A /* trash.swift */; };
		52C9BB271E2D68AA005DA9C2 /* deskThreeGraphTests.swift in Sources */ = {isa = PBXBuildFile; fileRef = 52C9BB261E2D68AA005DA9C2 /* deskThreeGraphTests.swift */; };
		52C9BB301E2D6D0F005DA9C2 /* Parser.swift in Sources */ = {isa = PBXBuildFile; fileRef = 52C9BB2F1E2D6D0F005DA9C2 /* Parser.swift */; };
		CE3E876C1E354D640076DA3A /* Parser.swift in Sources */ = {isa = PBXBuildFile; fileRef = 52C9BB2F1E2D6D0F005DA9C2 /* Parser.swift */; };
		CEC6DD101DEE8D14002A2460 /* JotUI in Resources */ = {isa = PBXBuildFile; fileRef = CEC6DD0B1DEE8D14002A2460 /* JotUI */; };
		CEC6DD141DEE8D80002A2460 /* JotUI.framework in Frameworks */ = {isa = PBXBuildFile; fileRef = CEC6DD131DEE8D14002A2460 /* JotUI.framework */; };
		DA3688BF1E414613006A9E1A /* ToolDrawer.swift in Sources */ = {isa = PBXBuildFile; fileRef = DA3688BE1E414613006A9E1A /* ToolDrawer.swift */; };
		DA3688C21E43F98A006A9E1A /* CGPoint+.swift in Sources */ = {isa = PBXBuildFile; fileRef = DA3688C11E43F98A006A9E1A /* CGPoint+.swift */; };
		DA3688F91E47B970006A9E1A /* CGRect+.swift in Sources */ = {isa = PBXBuildFile; fileRef = DA3688F81E47B970006A9E1A /* CGRect+.swift */; };
		DA4918A51DE64EDF00E3AA1D /* Eraser.m in Sources */ = {isa = PBXBuildFile; fileRef = DA4918A01DE64EDF00E3AA1D /* Eraser.m */; };
		DA4918A61DE64EDF00E3AA1D /* Marker.m in Sources */ = {isa = PBXBuildFile; fileRef = DA4918A21DE64EDF00E3AA1D /* Marker.m */; };
		DA4918A71DE64EDF00E3AA1D /* Pen.m in Sources */ = {isa = PBXBuildFile; fileRef = DA4918A41DE64EDF00E3AA1D /* Pen.m */; };
		DA4918AE1DE75AAA00E3AA1D /* coloredpoint.vsh in Resources */ = {isa = PBXBuildFile; fileRef = DA4918A81DE75AAA00E3AA1D /* coloredpoint.vsh */; };
		DA4918AF1DE75AAA00E3AA1D /* colorlesspoint.vsh in Resources */ = {isa = PBXBuildFile; fileRef = DA4918A91DE75AAA00E3AA1D /* colorlesspoint.vsh */; };
		DA4918B01DE75AAA00E3AA1D /* point.fsh in Resources */ = {isa = PBXBuildFile; fileRef = DA4918AA1DE75AAA00E3AA1D /* point.fsh */; };
		DA4918B11DE75AAA00E3AA1D /* quad.fsh in Resources */ = {isa = PBXBuildFile; fileRef = DA4918AB1DE75AAA00E3AA1D /* quad.fsh */; };
		DA4918B21DE75AAA00E3AA1D /* quad.vsh in Resources */ = {isa = PBXBuildFile; fileRef = DA4918AC1DE75AAA00E3AA1D /* quad.vsh */; };
		DA4918B31DE75AAA00E3AA1D /* stencil.fsh in Resources */ = {isa = PBXBuildFile; fileRef = DA4918AD1DE75AAA00E3AA1D /* stencil.fsh */; };
		DA5464511DBD10A300E644F0 /* Paper.swift in Sources */ = {isa = PBXBuildFile; fileRef = DA5464501DBD10A300E644F0 /* Paper.swift */; };
		DA56E02C1E3D6E290061DEE3 /* GKFilteredImageView.swift in Sources */ = {isa = PBXBuildFile; fileRef = DA56E02B1E3D6E290061DEE3 /* GKFilteredImageView.swift */; };
		DA67005C1E3EDD1C00A6179A /* GKContext.swift in Sources */ = {isa = PBXBuildFile; fileRef = DA67005B1E3EDD1C00A6179A /* GKContext.swift */; };
		DA7050E41E25591000079047 /* GraphView.swift in Sources */ = {isa = PBXBuildFile; fileRef = DA7050E31E25591000079047 /* GraphView.swift */; };
		DA7050F21E25EFD100079047 /* vertexShader.glsl in Resources */ = {isa = PBXBuildFile; fileRef = DA7050F11E25EFD100079047 /* vertexShader.glsl */; };
		DA93BC691E08744800CC2130 /* MathEntryArea.swift in Sources */ = {isa = PBXBuildFile; fileRef = DA93BC681E08744800CC2130 /* MathEntryArea.swift */; };
		DAA494ED1DC3A0D600C73780 /* GKCropBorderView.m in Sources */ = {isa = PBXBuildFile; fileRef = DAA494E21DC3A0D600C73780 /* GKCropBorderView.m */; };
		DAA494EE1DC3A0D600C73780 /* GKImageCropOverlayView.m in Sources */ = {isa = PBXBuildFile; fileRef = DAA494E41DC3A0D600C73780 /* GKImageCropOverlayView.m */; };
		DAA494EF1DC3A0D600C73780 /* GKImageCropView.m in Sources */ = {isa = PBXBuildFile; fileRef = DAA494E61DC3A0D600C73780 /* GKImageCropView.m */; };
		DAA494F01DC3A0D600C73780 /* GKImageCropViewController.m in Sources */ = {isa = PBXBuildFile; fileRef = DAA494E81DC3A0D600C73780 /* GKImageCropViewController.m */; };
		DAA494F11DC3A0D600C73780 /* GKImagePicker.m in Sources */ = {isa = PBXBuildFile; fileRef = DAA494EA1DC3A0D600C73780 /* GKImagePicker.m */; };
		DAA494F21DC3A0D600C73780 /* GKResizeableCropOverlayView.m in Sources */ = {isa = PBXBuildFile; fileRef = DAA494EC1DC3A0D600C73780 /* GKResizeableCropOverlayView.m */; };
		DABC744E1DEF809B0090D413 /* UImage+ImageOrientationFix.swift in Sources */ = {isa = PBXBuildFile; fileRef = DABC744D1DEF809B0090D413 /* UImage+ImageOrientationFix.swift */; };
		DAD144ED1DBBF2DD001F7901 /* WorkArea.swift in Sources */ = {isa = PBXBuildFile; fileRef = DAD144EC1DBBF2DD001F7901 /* WorkArea.swift */; };
		DAD144EF1DBC0F76001F7901 /* ImageBlock.swift in Sources */ = {isa = PBXBuildFile; fileRef = DAD144EE1DBC0F76001F7901 /* ImageBlock.swift */; };
		DADC67F61E26A89500C14F5B /* fragmentShader.glsl in Resources */ = {isa = PBXBuildFile; fileRef = DADC67F51E26A89500C14F5B /* fragmentShader.glsl */; };
		DADC67FA1E27E9D500C14F5B /* GraphingBlock.swift in Sources */ = {isa = PBXBuildFile; fileRef = DADC67F91E27E9D500C14F5B /* GraphingBlock.swift */; };
		DADC67FC1E27E9F800C14F5B /* GraphingBlock.xib in Resources */ = {isa = PBXBuildFile; fileRef = DADC67FB1E27E9F800C14F5B /* GraphingBlock.xib */; };
		DADC7C651DF0F4650086626E /* AllPad.swift in Sources */ = {isa = PBXBuildFile; fileRef = DADC7C5D1DF0F4650086626E /* AllPad.swift */; };
		DADC7C661DF0F4650086626E /* AllPad.xib in Resources */ = {isa = PBXBuildFile; fileRef = DADC7C5E1DF0F4650086626E /* AllPad.xib */; };
		DADC7C671DF0F4650086626E /* Block.swift in Sources */ = {isa = PBXBuildFile; fileRef = DADC7C5F1DF0F4650086626E /* Block.swift */; };
		DADC7C681DF0F4650086626E /* Constants.swift in Sources */ = {isa = PBXBuildFile; fileRef = DADC7C601DF0F4650086626E /* Constants.swift */; };
		DADC7C691DF0F4650086626E /* ETree.swift in Sources */ = {isa = PBXBuildFile; fileRef = DADC7C611DF0F4650086626E /* ETree.swift */; };
		DADC7C6A1DF0F4650086626E /* Expression.swift in Sources */ = {isa = PBXBuildFile; fileRef = DADC7C621DF0F4650086626E /* Expression.swift */; };
		DADC7C6B1DF0F4650086626E /* InputObject.swift in Sources */ = {isa = PBXBuildFile; fileRef = DADC7C631DF0F4650086626E /* InputObject.swift */; };
		DADC7C6C1DF0F4650086626E /* OutputArea.swift in Sources */ = {isa = PBXBuildFile; fileRef = DADC7C641DF0F4650086626E /* OutputArea.swift */; };
		DAFBE3A41DBBDBC20007D249 /* AppDelegate.swift in Sources */ = {isa = PBXBuildFile; fileRef = DAFBE3A31DBBDBC20007D249 /* AppDelegate.swift */; };
		DAFBE3A61DBBDBC20007D249 /* DeskViewController.swift in Sources */ = {isa = PBXBuildFile; fileRef = DAFBE3A51DBBDBC20007D249 /* DeskViewController.swift */; };
		DAFBE3A91DBBDBC20007D249 /* Main.storyboard in Resources */ = {isa = PBXBuildFile; fileRef = DAFBE3A71DBBDBC20007D249 /* Main.storyboard */; };
		DAFBE3AB1DBBDBC20007D249 /* Assets.xcassets in Resources */ = {isa = PBXBuildFile; fileRef = DAFBE3AA1DBBDBC20007D249 /* Assets.xcassets */; };
		DAFBE3AE1DBBDBC20007D249 /* LaunchScreen.storyboard in Resources */ = {isa = PBXBuildFile; fileRef = DAFBE3AC1DBBDBC20007D249 /* LaunchScreen.storyboard */; };
		DAFBE3B91DBBDBC20007D249 /* deskThreeUITests.swift in Sources */ = {isa = PBXBuildFile; fileRef = DAFBE3B81DBBDBC20007D249 /* deskThreeUITests.swift */; };
		DAFCF32F1E4EAAFF00B3F78E /* UIView+.swift in Sources */ = {isa = PBXBuildFile; fileRef = DAFCF32E1E4EAAFF00B3F78E /* UIView+.swift */; };
/* End PBXBuildFile section */

/* Begin PBXContainerItemProxy section */
		52C9BB291E2D68AA005DA9C2 /* PBXContainerItemProxy */ = {
			isa = PBXContainerItemProxy;
			containerPortal = DAFBE3981DBBDBC20007D249 /* Project object */;
			proxyType = 1;
			remoteGlobalIDString = DAFBE39F1DBBDBC20007D249;
			remoteInfo = deskThree;
		};
		CEC6DD121DEE8D14002A2460 /* PBXContainerItemProxy */ = {
			isa = PBXContainerItemProxy;
			containerPortal = CEC6DD0D1DEE8D14002A2460 /* JotUI.xcodeproj */;
			proxyType = 2;
			remoteGlobalIDString = 66AC155718079A71005315C8;
			remoteInfo = JotUI;
		};
		DAFBE3B51DBBDBC20007D249 /* PBXContainerItemProxy */ = {
			isa = PBXContainerItemProxy;
			containerPortal = DAFBE3981DBBDBC20007D249 /* Project object */;
			proxyType = 1;
			remoteGlobalIDString = DAFBE39F1DBBDBC20007D249;
			remoteInfo = deskThree;
		};
/* End PBXContainerItemProxy section */

/* Begin PBXFileReference section */
		25D1507E1DBC19CF008364EC /* PDFGenerator.swift */ = {isa = PBXFileReference; fileEncoding = 4; lastKnownFileType = sourcecode.swift; path = PDFGenerator.swift; sourceTree = "<group>"; };
		25FB33341DBCFE5500785111 /* DeskViewController.xib */ = {isa = PBXFileReference; fileEncoding = 4; lastKnownFileType = file.xib; path = DeskViewController.xib; sourceTree = "<group>"; };
		52A662A21E32B1C8008E088A /* trash.swift */ = {isa = PBXFileReference; fileEncoding = 4; lastKnownFileType = sourcecode.swift; path = trash.swift; sourceTree = "<group>"; };
		52C9BB241E2D68AA005DA9C2 /* deskThreeGraphTests.xctest */ = {isa = PBXFileReference; explicitFileType = wrapper.cfbundle; includeInIndex = 0; path = deskThreeGraphTests.xctest; sourceTree = BUILT_PRODUCTS_DIR; };
		52C9BB261E2D68AA005DA9C2 /* deskThreeGraphTests.swift */ = {isa = PBXFileReference; lastKnownFileType = sourcecode.swift; path = deskThreeGraphTests.swift; sourceTree = "<group>"; };
		52C9BB281E2D68AA005DA9C2 /* Info.plist */ = {isa = PBXFileReference; lastKnownFileType = text.plist.xml; path = Info.plist; sourceTree = "<group>"; };
		52C9BB2F1E2D6D0F005DA9C2 /* Parser.swift */ = {isa = PBXFileReference; fileEncoding = 4; lastKnownFileType = sourcecode.swift; name = Parser.swift; path = deskThree/Parser.swift; sourceTree = SOURCE_ROOT; };
		CEC6DD0B1DEE8D14002A2460 /* JotUI */ = {isa = PBXFileReference; lastKnownFileType = folder; path = JotUI; sourceTree = "<group>"; };
		CEC6DD0C1DEE8D14002A2460 /* JotUI.h */ = {isa = PBXFileReference; fileEncoding = 4; lastKnownFileType = sourcecode.c.h; path = JotUI.h; sourceTree = "<group>"; };
		CEC6DD0D1DEE8D14002A2460 /* JotUI.xcodeproj */ = {isa = PBXFileReference; lastKnownFileType = "wrapper.pb-project"; path = JotUI.xcodeproj; sourceTree = "<group>"; };
		DA3688BE1E414613006A9E1A /* ToolDrawer.swift */ = {isa = PBXFileReference; fileEncoding = 4; lastKnownFileType = sourcecode.swift; path = ToolDrawer.swift; sourceTree = "<group>"; };
		DA3688C11E43F98A006A9E1A /* CGPoint+.swift */ = {isa = PBXFileReference; fileEncoding = 4; lastKnownFileType = sourcecode.swift; path = "CGPoint+.swift"; sourceTree = "<group>"; };
		DA3688F81E47B970006A9E1A /* CGRect+.swift */ = {isa = PBXFileReference; fileEncoding = 4; lastKnownFileType = sourcecode.swift; path = "CGRect+.swift"; sourceTree = "<group>"; };
		DA49189F1DE64EDF00E3AA1D /* Eraser.h */ = {isa = PBXFileReference; fileEncoding = 4; lastKnownFileType = sourcecode.c.h; path = Eraser.h; sourceTree = "<group>"; };
		DA4918A01DE64EDF00E3AA1D /* Eraser.m */ = {isa = PBXFileReference; fileEncoding = 4; lastKnownFileType = sourcecode.c.objc; path = Eraser.m; sourceTree = "<group>"; };
		DA4918A11DE64EDF00E3AA1D /* Marker.h */ = {isa = PBXFileReference; fileEncoding = 4; lastKnownFileType = sourcecode.c.h; path = Marker.h; sourceTree = "<group>"; };
		DA4918A21DE64EDF00E3AA1D /* Marker.m */ = {isa = PBXFileReference; fileEncoding = 4; lastKnownFileType = sourcecode.c.objc; path = Marker.m; sourceTree = "<group>"; };
		DA4918A31DE64EDF00E3AA1D /* Pen.h */ = {isa = PBXFileReference; fileEncoding = 4; lastKnownFileType = sourcecode.c.h; path = Pen.h; sourceTree = "<group>"; };
		DA4918A41DE64EDF00E3AA1D /* Pen.m */ = {isa = PBXFileReference; fileEncoding = 4; lastKnownFileType = sourcecode.c.objc; path = Pen.m; sourceTree = "<group>"; };
		DA4918A81DE75AAA00E3AA1D /* coloredpoint.vsh */ = {isa = PBXFileReference; fileEncoding = 4; lastKnownFileType = sourcecode.glsl; path = coloredpoint.vsh; sourceTree = "<group>"; };
		DA4918A91DE75AAA00E3AA1D /* colorlesspoint.vsh */ = {isa = PBXFileReference; fileEncoding = 4; lastKnownFileType = sourcecode.glsl; path = colorlesspoint.vsh; sourceTree = "<group>"; };
		DA4918AA1DE75AAA00E3AA1D /* point.fsh */ = {isa = PBXFileReference; fileEncoding = 4; lastKnownFileType = sourcecode.glsl; path = point.fsh; sourceTree = "<group>"; };
		DA4918AB1DE75AAA00E3AA1D /* quad.fsh */ = {isa = PBXFileReference; fileEncoding = 4; lastKnownFileType = sourcecode.glsl; path = quad.fsh; sourceTree = "<group>"; };
		DA4918AC1DE75AAA00E3AA1D /* quad.vsh */ = {isa = PBXFileReference; fileEncoding = 4; lastKnownFileType = sourcecode.glsl; path = quad.vsh; sourceTree = "<group>"; };
		DA4918AD1DE75AAA00E3AA1D /* stencil.fsh */ = {isa = PBXFileReference; fileEncoding = 4; lastKnownFileType = sourcecode.glsl; path = stencil.fsh; sourceTree = "<group>"; };
		DA5464501DBD10A300E644F0 /* Paper.swift */ = {isa = PBXFileReference; fileEncoding = 4; lastKnownFileType = sourcecode.swift; path = Paper.swift; sourceTree = "<group>"; };
		DA56E02B1E3D6E290061DEE3 /* GKFilteredImageView.swift */ = {isa = PBXFileReference; fileEncoding = 4; lastKnownFileType = sourcecode.swift; path = GKFilteredImageView.swift; sourceTree = "<group>"; };
		DA67005B1E3EDD1C00A6179A /* GKContext.swift */ = {isa = PBXFileReference; fileEncoding = 4; lastKnownFileType = sourcecode.swift; path = GKContext.swift; sourceTree = "<group>"; };
		DA7050E31E25591000079047 /* GraphView.swift */ = {isa = PBXFileReference; fileEncoding = 4; lastKnownFileType = sourcecode.swift; path = GraphView.swift; sourceTree = "<group>"; };
		DA7050F11E25EFD100079047 /* vertexShader.glsl */ = {isa = PBXFileReference; fileEncoding = 4; lastKnownFileType = text; name = vertexShader.glsl; path = ../vertexShader.glsl; sourceTree = "<group>"; };
		DA93BC681E08744800CC2130 /* MathEntryArea.swift */ = {isa = PBXFileReference; fileEncoding = 4; lastKnownFileType = sourcecode.swift; path = MathEntryArea.swift; sourceTree = "<group>"; };
		DAA494CA1DC2EBC700C73780 /* deskThree-Bridging-Header.h */ = {isa = PBXFileReference; lastKnownFileType = sourcecode.c.h; path = "deskThree-Bridging-Header.h"; sourceTree = "<group>"; };
		DAA494DF1DC2ED5A00C73780 /* Foundation.framework */ = {isa = PBXFileReference; lastKnownFileType = wrapper.framework; name = Foundation.framework; path = System/Library/Frameworks/Foundation.framework; sourceTree = SDKROOT; };
		DAA494E11DC3A0D600C73780 /* GKCropBorderView.h */ = {isa = PBXFileReference; fileEncoding = 4; lastKnownFileType = sourcecode.c.h; path = GKCropBorderView.h; sourceTree = "<group>"; };
		DAA494E21DC3A0D600C73780 /* GKCropBorderView.m */ = {isa = PBXFileReference; fileEncoding = 4; lastKnownFileType = sourcecode.c.objc; path = GKCropBorderView.m; sourceTree = "<group>"; };
		DAA494E31DC3A0D600C73780 /* GKImageCropOverlayView.h */ = {isa = PBXFileReference; fileEncoding = 4; lastKnownFileType = sourcecode.c.h; path = GKImageCropOverlayView.h; sourceTree = "<group>"; };
		DAA494E41DC3A0D600C73780 /* GKImageCropOverlayView.m */ = {isa = PBXFileReference; fileEncoding = 4; lastKnownFileType = sourcecode.c.objc; path = GKImageCropOverlayView.m; sourceTree = "<group>"; };
		DAA494E51DC3A0D600C73780 /* GKImageCropView.h */ = {isa = PBXFileReference; fileEncoding = 4; lastKnownFileType = sourcecode.c.h; path = GKImageCropView.h; sourceTree = "<group>"; };
		DAA494E61DC3A0D600C73780 /* GKImageCropView.m */ = {isa = PBXFileReference; fileEncoding = 4; lastKnownFileType = sourcecode.c.objc; path = GKImageCropView.m; sourceTree = "<group>"; };
		DAA494E71DC3A0D600C73780 /* GKImageCropViewController.h */ = {isa = PBXFileReference; fileEncoding = 4; lastKnownFileType = sourcecode.c.h; path = GKImageCropViewController.h; sourceTree = "<group>"; };
		DAA494E81DC3A0D600C73780 /* GKImageCropViewController.m */ = {isa = PBXFileReference; fileEncoding = 4; lastKnownFileType = sourcecode.c.objc; path = GKImageCropViewController.m; sourceTree = "<group>"; };
		DAA494E91DC3A0D600C73780 /* GKImagePicker.h */ = {isa = PBXFileReference; fileEncoding = 4; lastKnownFileType = sourcecode.c.h; path = GKImagePicker.h; sourceTree = "<group>"; };
		DAA494EA1DC3A0D600C73780 /* GKImagePicker.m */ = {isa = PBXFileReference; fileEncoding = 4; lastKnownFileType = sourcecode.c.objc; path = GKImagePicker.m; sourceTree = "<group>"; };
		DAA494EB1DC3A0D600C73780 /* GKResizeableCropOverlayView.h */ = {isa = PBXFileReference; fileEncoding = 4; lastKnownFileType = sourcecode.c.h; path = GKResizeableCropOverlayView.h; sourceTree = "<group>"; };
		DAA494EC1DC3A0D600C73780 /* GKResizeableCropOverlayView.m */ = {isa = PBXFileReference; fileEncoding = 4; lastKnownFileType = sourcecode.c.objc; path = GKResizeableCropOverlayView.m; sourceTree = "<group>"; };
		DABC744D1DEF809B0090D413 /* UImage+ImageOrientationFix.swift */ = {isa = PBXFileReference; fileEncoding = 4; lastKnownFileType = sourcecode.swift; path = "UImage+ImageOrientationFix.swift"; sourceTree = "<group>"; };
		DAD144EC1DBBF2DD001F7901 /* WorkArea.swift */ = {isa = PBXFileReference; fileEncoding = 4; lastKnownFileType = sourcecode.swift; path = WorkArea.swift; sourceTree = "<group>"; };
		DAD144EE1DBC0F76001F7901 /* ImageBlock.swift */ = {isa = PBXFileReference; fileEncoding = 4; lastKnownFileType = sourcecode.swift; path = ImageBlock.swift; sourceTree = "<group>"; };
		DADC67F51E26A89500C14F5B /* fragmentShader.glsl */ = {isa = PBXFileReference; fileEncoding = 4; lastKnownFileType = text; path = fragmentShader.glsl; sourceTree = "<group>"; };
		DADC67F91E27E9D500C14F5B /* GraphingBlock.swift */ = {isa = PBXFileReference; fileEncoding = 4; lastKnownFileType = sourcecode.swift; path = GraphingBlock.swift; sourceTree = "<group>"; };
		DADC67FB1E27E9F800C14F5B /* GraphingBlock.xib */ = {isa = PBXFileReference; fileEncoding = 4; lastKnownFileType = file.xib; path = GraphingBlock.xib; sourceTree = "<group>"; };
		DADC7C5D1DF0F4650086626E /* AllPad.swift */ = {isa = PBXFileReference; fileEncoding = 4; lastKnownFileType = sourcecode.swift; path = AllPad.swift; sourceTree = "<group>"; };
		DADC7C5E1DF0F4650086626E /* AllPad.xib */ = {isa = PBXFileReference; fileEncoding = 4; lastKnownFileType = file.xib; path = AllPad.xib; sourceTree = "<group>"; };
		DADC7C5F1DF0F4650086626E /* Block.swift */ = {isa = PBXFileReference; fileEncoding = 4; lastKnownFileType = sourcecode.swift; path = Block.swift; sourceTree = "<group>"; };
		DADC7C601DF0F4650086626E /* Constants.swift */ = {isa = PBXFileReference; fileEncoding = 4; lastKnownFileType = sourcecode.swift; path = Constants.swift; sourceTree = "<group>"; };
		DADC7C611DF0F4650086626E /* ETree.swift */ = {isa = PBXFileReference; fileEncoding = 4; lastKnownFileType = sourcecode.swift; path = ETree.swift; sourceTree = "<group>"; };
		DADC7C621DF0F4650086626E /* Expression.swift */ = {isa = PBXFileReference; fileEncoding = 4; lastKnownFileType = sourcecode.swift; path = Expression.swift; sourceTree = "<group>"; };
		DADC7C631DF0F4650086626E /* InputObject.swift */ = {isa = PBXFileReference; fileEncoding = 4; lastKnownFileType = sourcecode.swift; path = InputObject.swift; sourceTree = "<group>"; };
		DADC7C641DF0F4650086626E /* OutputArea.swift */ = {isa = PBXFileReference; fileEncoding = 4; lastKnownFileType = sourcecode.swift; path = OutputArea.swift; sourceTree = "<group>"; };
		DAFBE3A01DBBDBC20007D249 /* deskThree.app */ = {isa = PBXFileReference; explicitFileType = wrapper.application; includeInIndex = 0; path = deskThree.app; sourceTree = BUILT_PRODUCTS_DIR; };
		DAFBE3A31DBBDBC20007D249 /* AppDelegate.swift */ = {isa = PBXFileReference; lastKnownFileType = sourcecode.swift; path = AppDelegate.swift; sourceTree = "<group>"; };
		DAFBE3A51DBBDBC20007D249 /* DeskViewController.swift */ = {isa = PBXFileReference; lastKnownFileType = sourcecode.swift; path = DeskViewController.swift; sourceTree = "<group>"; };
		DAFBE3A81DBBDBC20007D249 /* Base */ = {isa = PBXFileReference; lastKnownFileType = file.storyboard; name = Base; path = Base.lproj/Main.storyboard; sourceTree = "<group>"; };
		DAFBE3AA1DBBDBC20007D249 /* Assets.xcassets */ = {isa = PBXFileReference; lastKnownFileType = folder.assetcatalog; path = Assets.xcassets; sourceTree = "<group>"; };
		DAFBE3AD1DBBDBC20007D249 /* Base */ = {isa = PBXFileReference; lastKnownFileType = file.storyboard; name = Base; path = Base.lproj/LaunchScreen.storyboard; sourceTree = "<group>"; };
		DAFBE3AF1DBBDBC20007D249 /* Info.plist */ = {isa = PBXFileReference; lastKnownFileType = text.plist.xml; path = Info.plist; sourceTree = "<group>"; };
		DAFBE3B41DBBDBC20007D249 /* deskThreeUITests.xctest */ = {isa = PBXFileReference; explicitFileType = wrapper.cfbundle; includeInIndex = 0; path = deskThreeUITests.xctest; sourceTree = BUILT_PRODUCTS_DIR; };
		DAFBE3B81DBBDBC20007D249 /* deskThreeUITests.swift */ = {isa = PBXFileReference; lastKnownFileType = sourcecode.swift; path = deskThreeUITests.swift; sourceTree = "<group>"; };
		DAFBE3BA1DBBDBC20007D249 /* Info.plist */ = {isa = PBXFileReference; lastKnownFileType = text.plist.xml; path = Info.plist; sourceTree = "<group>"; };
		DAFCF32E1E4EAAFF00B3F78E /* UIView+.swift */ = {isa = PBXFileReference; fileEncoding = 4; lastKnownFileType = sourcecode.swift; path = "UIView+.swift"; sourceTree = "<group>"; };
/* End PBXFileReference section */

/* Begin PBXFrameworksBuildPhase section */
		52C9BB211E2D68AA005DA9C2 /* Frameworks */ = {
			isa = PBXFrameworksBuildPhase;
			buildActionMask = 2147483647;
			files = (
			);
			runOnlyForDeploymentPostprocessing = 0;
		};
		DAFBE39D1DBBDBC20007D249 /* Frameworks */ = {
			isa = PBXFrameworksBuildPhase;
			buildActionMask = 2147483647;
			files = (
				CEC6DD141DEE8D80002A2460 /* JotUI.framework in Frameworks */,
			);
			runOnlyForDeploymentPostprocessing = 0;
		};
		DAFBE3B11DBBDBC20007D249 /* Frameworks */ = {
			isa = PBXFrameworksBuildPhase;
			buildActionMask = 2147483647;
			files = (
			);
			runOnlyForDeploymentPostprocessing = 0;
		};
/* End PBXFrameworksBuildPhase section */

/* Begin PBXGroup section */
		52C9BB251E2D68AA005DA9C2 /* deskThreeGraphTests */ = {
			isa = PBXGroup;
			children = (
				52C9BB261E2D68AA005DA9C2 /* deskThreeGraphTests.swift */,
				52C9BB281E2D68AA005DA9C2 /* Info.plist */,
			);
			path = deskThreeGraphTests;
			sourceTree = "<group>";
		};
		CEC6DD0E1DEE8D14002A2460 /* Products */ = {
			isa = PBXGroup;
			children = (
				CEC6DD131DEE8D14002A2460 /* JotUI.framework */,
			);
			name = Products;
			sourceTree = "<group>";
		};
		DA49189E1DE64EDF00E3AA1D /* CopiedFromJotUI */ = {
			isa = PBXGroup;
			children = (
				DA4918A81DE75AAA00E3AA1D /* coloredpoint.vsh */,
				DA4918A91DE75AAA00E3AA1D /* colorlesspoint.vsh */,
				DA4918AA1DE75AAA00E3AA1D /* point.fsh */,
				DA4918AB1DE75AAA00E3AA1D /* quad.fsh */,
				DA4918AC1DE75AAA00E3AA1D /* quad.vsh */,
				DA4918AD1DE75AAA00E3AA1D /* stencil.fsh */,
				DA49189F1DE64EDF00E3AA1D /* Eraser.h */,
				DA4918A01DE64EDF00E3AA1D /* Eraser.m */,
				DA4918A11DE64EDF00E3AA1D /* Marker.h */,
				DA4918A21DE64EDF00E3AA1D /* Marker.m */,
				DA4918A31DE64EDF00E3AA1D /* Pen.h */,
				DA4918A41DE64EDF00E3AA1D /* Pen.m */,
			);
			path = CopiedFromJotUI;
			sourceTree = "<group>";
		};
		DAA494DE1DC2ED5A00C73780 /* Frameworks */ = {
			isa = PBXGroup;
			children = (
				DAA494DF1DC2ED5A00C73780 /* Foundation.framework */,
			);
			name = Frameworks;
			sourceTree = "<group>";
		};
		DAA494F31DC3A0E600C73780 /* GKImagePickerFiles */ = {
			isa = PBXGroup;
			children = (
				DAA494E11DC3A0D600C73780 /* GKCropBorderView.h */,
				DAA494E21DC3A0D600C73780 /* GKCropBorderView.m */,
				DAA494E31DC3A0D600C73780 /* GKImageCropOverlayView.h */,
				DAA494E41DC3A0D600C73780 /* GKImageCropOverlayView.m */,
				DAA494E51DC3A0D600C73780 /* GKImageCropView.h */,
				DAA494E61DC3A0D600C73780 /* GKImageCropView.m */,
				DA56E02B1E3D6E290061DEE3 /* GKFilteredImageView.swift */,
				DAA494E71DC3A0D600C73780 /* GKImageCropViewController.h */,
				DAA494E81DC3A0D600C73780 /* GKImageCropViewController.m */,
				DAA494E91DC3A0D600C73780 /* GKImagePicker.h */,
				DAA494EA1DC3A0D600C73780 /* GKImagePicker.m */,
				DAA494EB1DC3A0D600C73780 /* GKResizeableCropOverlayView.h */,
				DAA494EC1DC3A0D600C73780 /* GKResizeableCropOverlayView.m */,
			);
			name = GKImagePickerFiles;
			sourceTree = "<group>";
		};
		DAFBE3971DBBDBC20007D249 = {
			isa = PBXGroup;
			children = (
				DADC7C5D1DF0F4650086626E /* AllPad.swift */,
				DADC7C5E1DF0F4650086626E /* AllPad.xib */,
				DADC7C5F1DF0F4650086626E /* Block.swift */,
				DADC7C601DF0F4650086626E /* Constants.swift */,
				DADC7C611DF0F4650086626E /* ETree.swift */,
				DADC7C621DF0F4650086626E /* Expression.swift */,
				DADC7C631DF0F4650086626E /* InputObject.swift */,
				DADC7C641DF0F4650086626E /* OutputArea.swift */,
				DA93BC681E08744800CC2130 /* MathEntryArea.swift */,
				CEC6DD0B1DEE8D14002A2460 /* JotUI */,
				CEC6DD0C1DEE8D14002A2460 /* JotUI.h */,
				CEC6DD0D1DEE8D14002A2460 /* JotUI.xcodeproj */,
				DA49189E1DE64EDF00E3AA1D /* CopiedFromJotUI */,
				DAA494F31DC3A0E600C73780 /* GKImagePickerFiles */,
				DAFBE3A21DBBDBC20007D249 /* deskThree */,
				DAFBE3B71DBBDBC20007D249 /* deskThreeUITests */,
				52C9BB251E2D68AA005DA9C2 /* deskThreeGraphTests */,
				DAFBE3A11DBBDBC20007D249 /* Products */,
				DAA494CA1DC2EBC700C73780 /* deskThree-Bridging-Header.h */,
				DAA494DE1DC2ED5A00C73780 /* Frameworks */,
			);
			sourceTree = "<group>";
		};
		DAFBE3A11DBBDBC20007D249 /* Products */ = {
			isa = PBXGroup;
			children = (
				DAFBE3A01DBBDBC20007D249 /* deskThree.app */,
				DAFBE3B41DBBDBC20007D249 /* deskThreeUITests.xctest */,
				52C9BB241E2D68AA005DA9C2 /* deskThreeGraphTests.xctest */,
			);
			name = Products;
			sourceTree = "<group>";
		};
		DAFBE3A21DBBDBC20007D249 /* deskThree */ = {
			isa = PBXGroup;
			children = (
				DA7050F11E25EFD100079047 /* vertexShader.glsl */,
				DADC67F51E26A89500C14F5B /* fragmentShader.glsl */,
				DAFBE3A31DBBDBC20007D249 /* AppDelegate.swift */,
				DAFBE3A51DBBDBC20007D249 /* DeskViewController.swift */,
				25FB33341DBCFE5500785111 /* DeskViewController.xib */,
				DA3688BE1E414613006A9E1A /* ToolDrawer.swift */,
				DADC67F91E27E9D500C14F5B /* GraphingBlock.swift */,
				DADC67FB1E27E9F800C14F5B /* GraphingBlock.xib */,
				DA7050E31E25591000079047 /* GraphView.swift */,
				DAD144EE1DBC0F76001F7901 /* ImageBlock.swift */,
				DABC744D1DEF809B0090D413 /* UImage+ImageOrientationFix.swift */,
				DAD144EC1DBBF2DD001F7901 /* WorkArea.swift */,
				DAFBE3A71DBBDBC20007D249 /* Main.storyboard */,
				DAFBE3AA1DBBDBC20007D249 /* Assets.xcassets */,
				DAFBE3AC1DBBDBC20007D249 /* LaunchScreen.storyboard */,
				DAFBE3AF1DBBDBC20007D249 /* Info.plist */,
				25D1507E1DBC19CF008364EC /* PDFGenerator.swift */,
				DA5464501DBD10A300E644F0 /* Paper.swift */,
				52C9BB2F1E2D6D0F005DA9C2 /* Parser.swift */,
				52A662A21E32B1C8008E088A /* trash.swift */,
				DA67005B1E3EDD1C00A6179A /* GKContext.swift */,
				DA3688F81E47B970006A9E1A /* CGRect+.swift */,
				DA3688C11E43F98A006A9E1A /* CGPoint+.swift */,
				DAFCF32E1E4EAAFF00B3F78E /* UIView+.swift */,
			);
			path = deskThree;
			sourceTree = "<group>";
		};
		DAFBE3B71DBBDBC20007D249 /* deskThreeUITests */ = {
			isa = PBXGroup;
			children = (
				DAFBE3B81DBBDBC20007D249 /* deskThreeUITests.swift */,
				DAFBE3BA1DBBDBC20007D249 /* Info.plist */,
			);
			path = deskThreeUITests;
			sourceTree = "<group>";
		};
/* End PBXGroup section */

/* Begin PBXNativeTarget section */
		52C9BB231E2D68AA005DA9C2 /* deskThreeGraphTests */ = {
			isa = PBXNativeTarget;
			buildConfigurationList = 52C9BB2E1E2D68AA005DA9C2 /* Build configuration list for PBXNativeTarget "deskThreeGraphTests" */;
			buildPhases = (
				52C9BB201E2D68AA005DA9C2 /* Sources */,
				52C9BB211E2D68AA005DA9C2 /* Frameworks */,
				52C9BB221E2D68AA005DA9C2 /* Resources */,
			);
			buildRules = (
			);
			dependencies = (
				52C9BB2A1E2D68AA005DA9C2 /* PBXTargetDependency */,
			);
			name = deskThreeGraphTests;
			productName = deskThreeGraphTests;
			productReference = 52C9BB241E2D68AA005DA9C2 /* deskThreeGraphTests.xctest */;
			productType = "com.apple.product-type.bundle.unit-test";
		};
		DAFBE39F1DBBDBC20007D249 /* deskThree */ = {
			isa = PBXNativeTarget;
			buildConfigurationList = DAFBE3BD1DBBDBC20007D249 /* Build configuration list for PBXNativeTarget "deskThree" */;
			buildPhases = (
				DAFBE39C1DBBDBC20007D249 /* Sources */,
				DAFBE39D1DBBDBC20007D249 /* Frameworks */,
				DAFBE39E1DBBDBC20007D249 /* Resources */,
			);
			buildRules = (
			);
			dependencies = (
			);
			name = deskThree;
			productName = deskThree;
			productReference = DAFBE3A01DBBDBC20007D249 /* deskThree.app */;
			productType = "com.apple.product-type.application";
		};
		DAFBE3B31DBBDBC20007D249 /* deskThreeUITests */ = {
			isa = PBXNativeTarget;
			buildConfigurationList = DAFBE3C01DBBDBC20007D249 /* Build configuration list for PBXNativeTarget "deskThreeUITests" */;
			buildPhases = (
				DAFBE3B01DBBDBC20007D249 /* Sources */,
				DAFBE3B11DBBDBC20007D249 /* Frameworks */,
				DAFBE3B21DBBDBC20007D249 /* Resources */,
			);
			buildRules = (
			);
			dependencies = (
				DAFBE3B61DBBDBC20007D249 /* PBXTargetDependency */,
			);
			name = deskThreeUITests;
			productName = deskThreeUITests;
			productReference = DAFBE3B41DBBDBC20007D249 /* deskThreeUITests.xctest */;
			productType = "com.apple.product-type.bundle.ui-testing";
		};
/* End PBXNativeTarget section */

/* Begin PBXProject section */
		DAFBE3981DBBDBC20007D249 /* Project object */ = {
			isa = PBXProject;
			attributes = {
				LastSwiftUpdateCheck = 0820;
				LastUpgradeCheck = 0800;
				ORGANIZATIONNAME = desk;
				TargetAttributes = {
					52C9BB231E2D68AA005DA9C2 = {
						CreatedOnToolsVersion = 8.2.1;
						ProvisioningStyle = Automatic;
						TestTargetID = DAFBE39F1DBBDBC20007D249;
					};
					DAFBE39F1DBBDBC20007D249 = {
						CreatedOnToolsVersion = 7.3.1;
						DevelopmentTeam = 3JXBWRB252;
						LastSwiftMigration = 0800;
					};
					DAFBE3B31DBBDBC20007D249 = {
						CreatedOnToolsVersion = 7.3.1;
						LastSwiftMigration = 0800;
						TestTargetID = DAFBE39F1DBBDBC20007D249;
					};
				};
			};
			buildConfigurationList = DAFBE39B1DBBDBC20007D249 /* Build configuration list for PBXProject "deskThree" */;
			compatibilityVersion = "Xcode 3.2";
			developmentRegion = English;
			hasScannedForEncodings = 0;
			knownRegions = (
				en,
				Base,
			);
			mainGroup = DAFBE3971DBBDBC20007D249;
			productRefGroup = DAFBE3A11DBBDBC20007D249 /* Products */;
			projectDirPath = "";
			projectReferences = (
				{
					ProductGroup = CEC6DD0E1DEE8D14002A2460 /* Products */;
					ProjectRef = CEC6DD0D1DEE8D14002A2460 /* JotUI.xcodeproj */;
				},
			);
			projectRoot = "";
			targets = (
				DAFBE39F1DBBDBC20007D249 /* deskThree */,
				DAFBE3B31DBBDBC20007D249 /* deskThreeUITests */,
				52C9BB231E2D68AA005DA9C2 /* deskThreeGraphTests */,
			);
		};
/* End PBXProject section */

/* Begin PBXReferenceProxy section */
		CEC6DD131DEE8D14002A2460 /* JotUI.framework */ = {
			isa = PBXReferenceProxy;
			fileType = wrapper.framework.static;
			path = JotUI.framework;
			remoteRef = CEC6DD121DEE8D14002A2460 /* PBXContainerItemProxy */;
			sourceTree = BUILT_PRODUCTS_DIR;
		};
/* End PBXReferenceProxy section */

/* Begin PBXResourcesBuildPhase section */
		52C9BB221E2D68AA005DA9C2 /* Resources */ = {
			isa = PBXResourcesBuildPhase;
			buildActionMask = 2147483647;
			files = (
			);
			runOnlyForDeploymentPostprocessing = 0;
		};
		DAFBE39E1DBBDBC20007D249 /* Resources */ = {
			isa = PBXResourcesBuildPhase;
			buildActionMask = 2147483647;
			files = (
				CEC6DD101DEE8D14002A2460 /* JotUI in Resources */,
				DA7050F21E25EFD100079047 /* vertexShader.glsl in Resources */,
				DA4918B21DE75AAA00E3AA1D /* quad.vsh in Resources */,
				DAFBE3AE1DBBDBC20007D249 /* LaunchScreen.storyboard in Resources */,
				DA4918AE1DE75AAA00E3AA1D /* coloredpoint.vsh in Resources */,
				DA4918B11DE75AAA00E3AA1D /* quad.fsh in Resources */,
				DADC7C661DF0F4650086626E /* AllPad.xib in Resources */,
				25FB33351DBCFE5500785111 /* DeskViewController.xib in Resources */,
				DAFBE3AB1DBBDBC20007D249 /* Assets.xcassets in Resources */,
				DADC67F61E26A89500C14F5B /* fragmentShader.glsl in Resources */,
				DADC67FC1E27E9F800C14F5B /* GraphingBlock.xib in Resources */,
				DA4918B31DE75AAA00E3AA1D /* stencil.fsh in Resources */,
				DAFBE3A91DBBDBC20007D249 /* Main.storyboard in Resources */,
				DA4918B01DE75AAA00E3AA1D /* point.fsh in Resources */,
				DA4918AF1DE75AAA00E3AA1D /* colorlesspoint.vsh in Resources */,
			);
			runOnlyForDeploymentPostprocessing = 0;
		};
		DAFBE3B21DBBDBC20007D249 /* Resources */ = {
			isa = PBXResourcesBuildPhase;
			buildActionMask = 2147483647;
			files = (
			);
			runOnlyForDeploymentPostprocessing = 0;
		};
/* End PBXResourcesBuildPhase section */

/* Begin PBXSourcesBuildPhase section */
		52C9BB201E2D68AA005DA9C2 /* Sources */ = {
			isa = PBXSourcesBuildPhase;
			buildActionMask = 2147483647;
			files = (
				52C9BB301E2D6D0F005DA9C2 /* Parser.swift in Sources */,
				52C9BB271E2D68AA005DA9C2 /* deskThreeGraphTests.swift in Sources */,
			);
			runOnlyForDeploymentPostprocessing = 0;
		};
		DAFBE39C1DBBDBC20007D249 /* Sources */ = {
			isa = PBXSourcesBuildPhase;
			buildActionMask = 2147483647;
			files = (
				CE3E876C1E354D640076DA3A /* Parser.swift in Sources */,
				DAA494F01DC3A0D600C73780 /* GKImageCropViewController.m in Sources */,
				DADC7C6B1DF0F4650086626E /* InputObject.swift in Sources */,
				DA56E02C1E3D6E290061DEE3 /* GKFilteredImageView.swift in Sources */,
				DADC7C681DF0F4650086626E /* Constants.swift in Sources */,
				DAA494F21DC3A0D600C73780 /* GKResizeableCropOverlayView.m in Sources */,
				DAFBE3A61DBBDBC20007D249 /* DeskViewController.swift in Sources */,
				DAA494EE1DC3A0D600C73780 /* GKImageCropOverlayView.m in Sources */,
				DA3688C21E43F98A006A9E1A /* CGPoint+.swift in Sources */,
				DADC7C6A1DF0F4650086626E /* Expression.swift in Sources */,
				DAD144EF1DBC0F76001F7901 /* ImageBlock.swift in Sources */,
				DAA494EF1DC3A0D600C73780 /* GKImageCropView.m in Sources */,
				DAA494ED1DC3A0D600C73780 /* GKCropBorderView.m in Sources */,
				DA5464511DBD10A300E644F0 /* Paper.swift in Sources */,
				DA93BC691E08744800CC2130 /* MathEntryArea.swift in Sources */,
				DABC744E1DEF809B0090D413 /* UImage+ImageOrientationFix.swift in Sources */,
				25D1507F1DBC19CF008364EC /* PDFGenerator.swift in Sources */,
				DAD144ED1DBBF2DD001F7901 /* WorkArea.swift in Sources */,
				DA67005C1E3EDD1C00A6179A /* GKContext.swift in Sources */,
				DAFBE3A41DBBDBC20007D249 /* AppDelegate.swift in Sources */,
				DAA494F11DC3A0D600C73780 /* GKImagePicker.m in Sources */,
				DA4918A71DE64EDF00E3AA1D /* Pen.m in Sources */,
				52A662A31E32B1C8008E088A /* trash.swift in Sources */,
				DA3688F91E47B970006A9E1A /* CGRect+.swift in Sources */,
				DADC7C651DF0F4650086626E /* AllPad.swift in Sources */,
				DADC7C671DF0F4650086626E /* Block.swift in Sources */,
				DAFCF32F1E4EAAFF00B3F78E /* UIView+.swift in Sources */,
				DADC7C6C1DF0F4650086626E /* OutputArea.swift in Sources */,
				DA7050E41E25591000079047 /* GraphView.swift in Sources */,
				DA3688BF1E414613006A9E1A /* ToolDrawer.swift in Sources */,
				DADC67FA1E27E9D500C14F5B /* GraphingBlock.swift in Sources */,
				DA4918A51DE64EDF00E3AA1D /* Eraser.m in Sources */,
				DA4918A61DE64EDF00E3AA1D /* Marker.m in Sources */,
				DADC7C691DF0F4650086626E /* ETree.swift in Sources */,
			);
			runOnlyForDeploymentPostprocessing = 0;
		};
		DAFBE3B01DBBDBC20007D249 /* Sources */ = {
			isa = PBXSourcesBuildPhase;
			buildActionMask = 2147483647;
			files = (
				DAFBE3B91DBBDBC20007D249 /* deskThreeUITests.swift in Sources */,
			);
			runOnlyForDeploymentPostprocessing = 0;
		};
/* End PBXSourcesBuildPhase section */

/* Begin PBXTargetDependency section */
		52C9BB2A1E2D68AA005DA9C2 /* PBXTargetDependency */ = {
			isa = PBXTargetDependency;
			target = DAFBE39F1DBBDBC20007D249 /* deskThree */;
			targetProxy = 52C9BB291E2D68AA005DA9C2 /* PBXContainerItemProxy */;
		};
		DAFBE3B61DBBDBC20007D249 /* PBXTargetDependency */ = {
			isa = PBXTargetDependency;
			target = DAFBE39F1DBBDBC20007D249 /* deskThree */;
			targetProxy = DAFBE3B51DBBDBC20007D249 /* PBXContainerItemProxy */;
		};
/* End PBXTargetDependency section */

/* Begin PBXVariantGroup section */
		DAFBE3A71DBBDBC20007D249 /* Main.storyboard */ = {
			isa = PBXVariantGroup;
			children = (
				DAFBE3A81DBBDBC20007D249 /* Base */,
			);
			name = Main.storyboard;
			sourceTree = "<group>";
		};
		DAFBE3AC1DBBDBC20007D249 /* LaunchScreen.storyboard */ = {
			isa = PBXVariantGroup;
			children = (
				DAFBE3AD1DBBDBC20007D249 /* Base */,
			);
			name = LaunchScreen.storyboard;
			sourceTree = "<group>";
		};
/* End PBXVariantGroup section */

/* Begin XCBuildConfiguration section */
		52C9BB2B1E2D68AA005DA9C2 /* Debug */ = {
			isa = XCBuildConfiguration;
			buildSettings = {
				BUNDLE_LOADER = "$(TEST_HOST)";
				CLANG_WARN_DOCUMENTATION_COMMENTS = YES;
				INFOPLIST_FILE = deskThreeGraphTests/Info.plist;
				IPHONEOS_DEPLOYMENT_TARGET = 10.2;
				LD_RUNPATH_SEARCH_PATHS = "$(inherited) @executable_path/Frameworks @loader_path/Frameworks";
				PRODUCT_BUNDLE_IDENTIFIER = ben.deskThreeGraphTests;
				PRODUCT_NAME = "$(TARGET_NAME)";
				SWIFT_ACTIVE_COMPILATION_CONDITIONS = DEBUG;
				SWIFT_VERSION = 3.0;
				TEST_HOST = "$(BUILT_PRODUCTS_DIR)/deskThree.app/deskThree";
			};
			name = Debug;
		};
		52C9BB2C1E2D68AA005DA9C2 /* Release */ = {
			isa = XCBuildConfiguration;
			buildSettings = {
				BUNDLE_LOADER = "$(TEST_HOST)";
				CLANG_WARN_DOCUMENTATION_COMMENTS = YES;
				INFOPLIST_FILE = deskThreeGraphTests/Info.plist;
				IPHONEOS_DEPLOYMENT_TARGET = 10.2;
				LD_RUNPATH_SEARCH_PATHS = "$(inherited) @executable_path/Frameworks @loader_path/Frameworks";
				PRODUCT_BUNDLE_IDENTIFIER = ben.deskThreeGraphTests;
				PRODUCT_NAME = "$(TARGET_NAME)";
				SWIFT_VERSION = 3.0;
				TEST_HOST = "$(BUILT_PRODUCTS_DIR)/deskThree.app/deskThree";
			};
			name = Release;
		};
		DAFBE3BB1DBBDBC20007D249 /* Debug */ = {
			isa = XCBuildConfiguration;
			buildSettings = {
				ALWAYS_SEARCH_USER_PATHS = NO;
				CLANG_ANALYZER_NONNULL = YES;
				CLANG_CXX_LANGUAGE_STANDARD = "gnu++0x";
				CLANG_CXX_LIBRARY = "libc++";
				CLANG_ENABLE_MODULES = YES;
				CLANG_ENABLE_OBJC_ARC = YES;
				CLANG_WARN_BOOL_CONVERSION = YES;
				CLANG_WARN_CONSTANT_CONVERSION = YES;
				CLANG_WARN_DIRECT_OBJC_ISA_USAGE = YES_ERROR;
				CLANG_WARN_EMPTY_BODY = YES;
				CLANG_WARN_ENUM_CONVERSION = YES;
				CLANG_WARN_INFINITE_RECURSION = YES;
				CLANG_WARN_INT_CONVERSION = YES;
				CLANG_WARN_OBJC_ROOT_CLASS = YES_ERROR;
				CLANG_WARN_SUSPICIOUS_MOVE = YES;
				CLANG_WARN_UNREACHABLE_CODE = YES;
				CLANG_WARN__DUPLICATE_METHOD_MATCH = YES;
				"CODE_SIGN_IDENTITY[sdk=iphoneos*]" = "iPhone Developer";
				COPY_PHASE_STRIP = NO;
				DEBUG_INFORMATION_FORMAT = dwarf;
				ENABLE_STRICT_OBJC_MSGSEND = YES;
				ENABLE_TESTABILITY = YES;
				GCC_C_LANGUAGE_STANDARD = gnu99;
				GCC_DYNAMIC_NO_PIC = NO;
				GCC_NO_COMMON_BLOCKS = YES;
				GCC_OPTIMIZATION_LEVEL = 0;
				GCC_PREPROCESSOR_DEFINITIONS = (
					"DEBUG=1",
					"$(inherited)",
				);
				GCC_WARN_64_TO_32_BIT_CONVERSION = YES;
				GCC_WARN_ABOUT_RETURN_TYPE = YES_ERROR;
				GCC_WARN_UNDECLARED_SELECTOR = YES;
				GCC_WARN_UNINITIALIZED_AUTOS = YES_AGGRESSIVE;
				GCC_WARN_UNUSED_FUNCTION = YES;
				GCC_WARN_UNUSED_VARIABLE = YES;
				IPHONEOS_DEPLOYMENT_TARGET = 9.3;
				MTL_ENABLE_DEBUG_INFO = YES;
				ONLY_ACTIVE_ARCH = YES;
				SDKROOT = iphoneos;
				SWIFT_OPTIMIZATION_LEVEL = "-Onone";
				TARGETED_DEVICE_FAMILY = "1,2";
			};
			name = Debug;
		};
		DAFBE3BC1DBBDBC20007D249 /* Release */ = {
			isa = XCBuildConfiguration;
			buildSettings = {
				ALWAYS_SEARCH_USER_PATHS = NO;
				CLANG_ANALYZER_NONNULL = YES;
				CLANG_CXX_LANGUAGE_STANDARD = "gnu++0x";
				CLANG_CXX_LIBRARY = "libc++";
				CLANG_ENABLE_MODULES = YES;
				CLANG_ENABLE_OBJC_ARC = YES;
				CLANG_WARN_BOOL_CONVERSION = YES;
				CLANG_WARN_CONSTANT_CONVERSION = YES;
				CLANG_WARN_DIRECT_OBJC_ISA_USAGE = YES_ERROR;
				CLANG_WARN_EMPTY_BODY = YES;
				CLANG_WARN_ENUM_CONVERSION = YES;
				CLANG_WARN_INFINITE_RECURSION = YES;
				CLANG_WARN_INT_CONVERSION = YES;
				CLANG_WARN_OBJC_ROOT_CLASS = YES_ERROR;
				CLANG_WARN_SUSPICIOUS_MOVE = YES;
				CLANG_WARN_UNREACHABLE_CODE = YES;
				CLANG_WARN__DUPLICATE_METHOD_MATCH = YES;
				"CODE_SIGN_IDENTITY[sdk=iphoneos*]" = "iPhone Developer";
				COPY_PHASE_STRIP = NO;
				DEBUG_INFORMATION_FORMAT = "dwarf-with-dsym";
				ENABLE_NS_ASSERTIONS = NO;
				ENABLE_STRICT_OBJC_MSGSEND = YES;
				GCC_C_LANGUAGE_STANDARD = gnu99;
				GCC_NO_COMMON_BLOCKS = YES;
				GCC_WARN_64_TO_32_BIT_CONVERSION = YES;
				GCC_WARN_ABOUT_RETURN_TYPE = YES_ERROR;
				GCC_WARN_UNDECLARED_SELECTOR = YES;
				GCC_WARN_UNINITIALIZED_AUTOS = YES_AGGRESSIVE;
				GCC_WARN_UNUSED_FUNCTION = YES;
				GCC_WARN_UNUSED_VARIABLE = YES;
				IPHONEOS_DEPLOYMENT_TARGET = 9.3;
				MTL_ENABLE_DEBUG_INFO = NO;
				SDKROOT = iphoneos;
				SWIFT_OPTIMIZATION_LEVEL = "-Owholemodule";
				TARGETED_DEVICE_FAMILY = "1,2";
				VALIDATE_PRODUCT = YES;
			};
			name = Release;
		};
		DAFBE3BE1DBBDBC20007D249 /* Debug */ = {
			isa = XCBuildConfiguration;
			buildSettings = {
				ASSETCATALOG_COMPILER_APPICON_NAME = AppIcon;
				CLANG_ENABLE_MODULES = YES;
				DEFINES_MODULE = YES;
				DEVELOPMENT_TEAM = 3JXBWRB252;
				ENABLE_BITCODE = NO;
				INFOPLIST_FILE = deskThree/Info.plist;
				IPHONEOS_DEPLOYMENT_TARGET = 9.1;
				LD_RUNPATH_SEARCH_PATHS = "$(inherited) @executable_path/Frameworks";
				OTHER_LDFLAGS = "-ObjC";
				PRODUCT_BUNDLE_IDENTIFIER = desk.deskThreeUT5;
				PRODUCT_NAME = "$(TARGET_NAME)";
				SWIFT_OBJC_BRIDGING_HEADER = "deskThree-Bridging-Header.h";
				SWIFT_OPTIMIZATION_LEVEL = "-Onone";
				SWIFT_VERSION = 3.0;
			};
			name = Debug;
		};
		DAFBE3BF1DBBDBC20007D249 /* Release */ = {
			isa = XCBuildConfiguration;
			buildSettings = {
				ASSETCATALOG_COMPILER_APPICON_NAME = AppIcon;
				CLANG_ENABLE_MODULES = YES;
				DEFINES_MODULE = YES;
				DEVELOPMENT_TEAM = 3JXBWRB252;
				ENABLE_BITCODE = NO;
				INFOPLIST_FILE = deskThree/Info.plist;
				IPHONEOS_DEPLOYMENT_TARGET = 9.1;
				LD_RUNPATH_SEARCH_PATHS = "$(inherited) @executable_path/Frameworks";
				OTHER_LDFLAGS = "-ObjC";
				PRODUCT_BUNDLE_IDENTIFIER = desk.deskThreeUT5;
				PRODUCT_NAME = "$(TARGET_NAME)";
				SWIFT_OBJC_BRIDGING_HEADER = "deskThree-Bridging-Header.h";
				SWIFT_VERSION = 3.0;
			};
			name = Release;
		};
		DAFBE3C11DBBDBC20007D249 /* Debug */ = {
			isa = XCBuildConfiguration;
			buildSettings = {
				INFOPLIST_FILE = deskThreeUITests/Info.plist;
				LD_RUNPATH_SEARCH_PATHS = "$(inherited) @executable_path/Frameworks @loader_path/Frameworks";
				PRODUCT_BUNDLE_IDENTIFIER = desk.deskThreeUITests;
				PRODUCT_NAME = "$(TARGET_NAME)";
				SWIFT_VERSION = 3.0;
				TEST_TARGET_NAME = deskThree;
			};
			name = Debug;
		};
		DAFBE3C21DBBDBC20007D249 /* Release */ = {
			isa = XCBuildConfiguration;
			buildSettings = {
				INFOPLIST_FILE = deskThreeUITests/Info.plist;
				LD_RUNPATH_SEARCH_PATHS = "$(inherited) @executable_path/Frameworks @loader_path/Frameworks";
				PRODUCT_BUNDLE_IDENTIFIER = desk.deskThreeUITests;
				PRODUCT_NAME = "$(TARGET_NAME)";
				SWIFT_VERSION = 3.0;
				TEST_TARGET_NAME = deskThree;
			};
			name = Release;
		};
/* End XCBuildConfiguration section */

/* Begin XCConfigurationList section */
		52C9BB2E1E2D68AA005DA9C2 /* Build configuration list for PBXNativeTarget "deskThreeGraphTests" */ = {
			isa = XCConfigurationList;
			buildConfigurations = (
				52C9BB2B1E2D68AA005DA9C2 /* Debug */,
				52C9BB2C1E2D68AA005DA9C2 /* Release */,
			);
			defaultConfigurationIsVisible = 0;
			defaultConfigurationName = Release;
		};
		DAFBE39B1DBBDBC20007D249 /* Build configuration list for PBXProject "deskThree" */ = {
			isa = XCConfigurationList;
			buildConfigurations = (
				DAFBE3BB1DBBDBC20007D249 /* Debug */,
				DAFBE3BC1DBBDBC20007D249 /* Release */,
			);
			defaultConfigurationIsVisible = 0;
			defaultConfigurationName = Release;
		};
		DAFBE3BD1DBBDBC20007D249 /* Build configuration list for PBXNativeTarget "deskThree" */ = {
			isa = XCConfigurationList;
			buildConfigurations = (
				DAFBE3BE1DBBDBC20007D249 /* Debug */,
				DAFBE3BF1DBBDBC20007D249 /* Release */,
			);
			defaultConfigurationIsVisible = 0;
			defaultConfigurationName = Release;
		};
		DAFBE3C01DBBDBC20007D249 /* Build configuration list for PBXNativeTarget "deskThreeUITests" */ = {
			isa = XCConfigurationList;
			buildConfigurations = (
				DAFBE3C11DBBDBC20007D249 /* Debug */,
				DAFBE3C21DBBDBC20007D249 /* Release */,
			);
			defaultConfigurationIsVisible = 0;
			defaultConfigurationName = Release;
		};
/* End XCConfigurationList section */
	};
	rootObject = DAFBE3981DBBDBC20007D249 /* Project object */;
}
